{
  "name": "@ohmycv/case-police",
  "version": "0.1.1",
  "lockfileVersion": 3,
  "requires": true,
  "packages": {
    "": {
      "name": "@ohmycv/case-police",
      "version": "0.1.1",
      "license": "MIT",
      "dependencies": {
        "@ohmycv/case-police": "file:",
        "case-police": "^0.6.1"
      }
    },
    "node_modules/@ohmycv/case-police": {
      "resolved": "",
      "link": true
    },
    "node_modules/case-police": {
      "version": "0.6.1",
      "resolved": "https://registry.npmjs.org/case-police/-/case-police-0.6.1.tgz",
      "integrity": "sha512-tOgkG3HhtzNVHU+HVHqbpVJ3CICPDihtlgoM2C4dx0RLeo6qcNVeBgiYJN5Bln+stxKrnKrw89CFgqYQDqwZQg==",
      "bin": {
        "case-police": "bin/case-police.mjs"
      },
      "funding": {
        "url": "https://github.com/sponsors/antfu"
      }
    }
  }
}
